# permitlayer host-api.lock
# Generated by `cargo xtask validate-plugin-api`.
# Do NOT edit by hand. To regenerate:
#   cargo xtask validate-plugin-api --update
#
# This file is part of the NFR41 semver contract.
# Any change that is not covered by a major-version bump of HOST_API_VERSION
# (and a 6-month deprecation entry for removed surface) is a breaking change
# that CI will reject.

## version
HOST_API_VERSION = 1.0.0-rc.1

## js_surface
agentsso.deprecated : object
agentsso.http.fetch(url: string, options?: FetchOptions) -> Promise<FetchResponse>
agentsso.oauth.getToken(service: string, scope: string) -> Promise<ScopedToken>
agentsso.oauth.listConnectedServices() -> Promise<string[]>
agentsso.policy.enforce(request: PolicyEvalReq) -> Promise<Decision>
agentsso.scrub.object(obj: any) -> Promise<ScrubResponse>
agentsso.scrub.text(text: string) -> Promise<ScrubResponse>
agentsso.version : string (read-only)
agentsso.versionMeetsRequirement(req: string) -> boolean
globalThis.AgentssoError : class { constructor(message: string, options?: { code?: string, retryable?: boolean }); name: string; message: string; code: string; retryable: boolean; stack: string; }

## error_codes
http.blocked_metadata_endpoint
http.dns_resolution_failed
http.header_injection
http.header_type_mismatch
http.invalid_body
http.invalid_timeout
http.policy_denied
http.request_too_large
http.response_too_large
http.scheme_not_allowed
http.timeout
http.tls_handshake_failed
http.upstream_unreachable
oauth.refresh_failed
oauth.scope_denied
oauth.scope_required
oauth.unknown_service
policy.eval_failed
scrub.invalid_input
version.malformed_requirement
# Plus: HostApiErrorCode::Other(String) for plugin-custom codes (not listed individually).

## host_services_trait
fn current_agent_policy_name(&self) -> String
fn current_plugin_name(&self) -> String
fn evaluate_policy(&self, req: PolicyEvalReq) -> Result<DecisionDesc, HostApiError>
fn fetch(&self, req: FetchReq) -> Result<FetchResp, HostApiError>
fn issue_scoped_token(&self, service: &str, scope: &str) -> Result<ScopedTokenDesc, HostApiError>
fn list_connected_services(&self) -> Result<Vec<String>, HostApiError>
fn scrub_text(&self, input: &str) -> Result<ScrubResponse, HostApiError>

## dto_shapes
DecisionDesc::Allow
DecisionDesc::Deny { denied_resource: Option<String>, denied_scope: Option<String>, policy_name: String, rule_id: String }
DecisionDesc::Prompt { policy_name: String, rule_id: String }
FetchReq { body: Option<Vec<u8>>, headers: Vec<(String, String)>, method: String, timeout_ms: u64, url: String }
FetchResp { body_utf8_lossy: String, headers: Vec<(String, String)>, status: u16 }
PolicyEvalReq { policy_name: String, resource: Option<String>, scope: String }
ScopedTokenDesc { bearer: String, expires_at_epoch_secs: u64, resource: String, scope: String }
ScrubMatchDesc { placeholder: String, rule_id: String, span_length: usize, span_offset: usize }
ScrubResponse { matches: Vec<ScrubMatchDesc>, output: String }
